
Microsoft Visual Studio Solution File, Format Version 12.00
# Visual Studio Version 16
VisualStudioVersion = 16.0.30413.136
MinimumVisualStudioVersion = 10.0.40219.1
Project("{9A19103F-16F7-4668-BE54-9A1E7A4F7556}") = "PlantDex.Api", "PlantDex.Api\PlantDex.Api.csproj", "{61A4F95A-79FF-41B7-95FC-EF809C23D209}"
EndProject
Project("{9A19103F-16F7-4668-BE54-9A1E7A4F7556}") = "PlantDex.Domain", "PlantDex.Domain\PlantDex.Domain.csproj", "{6656E4EF-55FC-4C2B-9DFD-FA5016F7BFF2}"
EndProject
Project("{9A19103F-16F7-4668-BE54-9A1E7A4F7556}") = "PlantDex.Application", "PlantDex.Application\PlantDex.Application.csproj", "{2151CCD5-9CFA-4413-8001-9C7AAC312E12}"
EndProject
Project("{9A19103F-16F7-4668-BE54-9A1E7A4F7556}") = "PlantDex.Infrastructure", "PlantDex.Infrastructure\PlantDex.Infrastructure.csproj", "{03ACB4C1-A232-4DC0-8C89-E54B34AE661A}"
EndProject
Project("{FAE04EC0-301F-11D3-BF4B-00C04F79EFBC}") = "PlantDex.ContributionManager", "PlantDex.ContributionManager\PlantDex.ContributionManager.csproj", "{A517BA8F-C119-499A-B324-B4C671798805}"
EndProject
Global
	GlobalSection(SolutionConfigurationPlatforms) = preSolution
		Debug|Any CPU = Debug|Any CPU
		Release|Any CPU = Release|Any CPU
	EndGlobalSection
	GlobalSection(ProjectConfigurationPlatforms) = postSolution
		{61A4F95A-79FF-41B7-95FC-EF809C23D209}.Debug|Any CPU.ActiveCfg = Debug|Any CPU
		{61A4F95A-79FF-41B7-95FC-EF809C23D209}.Debug|Any CPU.Build.0 = Debug|Any CPU
		{61A4F95A-79FF-41B7-95FC-EF809C23D209}.Release|Any CPU.ActiveCfg = Release|Any CPU
		{61A4F95A-79FF-41B7-95FC-EF809C23D209}.Release|Any CPU.Build.0 = Release|Any CPU
		{6656E4EF-55FC-4C2B-9DFD-FA5016F7BFF2}.Debug|Any CPU.ActiveCfg = Debug|Any CPU
		{6656E4EF-55FC-4C2B-9DFD-FA5016F7BFF2}.Debug|Any CPU.Build.0 = Debug|Any CPU
		{6656E4EF-55FC-4C2B-9DFD-FA5016F7BFF2}.Release|Any CPU.ActiveCfg = Release|Any CPU
		{6656E4EF-55FC-4C2B-9DFD-FA5016F7BFF2}.Release|Any CPU.Build.0 = Release|Any CPU
		{2151CCD5-9CFA-4413-8001-9C7AAC312E12}.Debug|Any CPU.ActiveCfg = Debug|Any CPU
		{2151CCD5-9CFA-4413-8001-9C7AAC312E12}.Debug|Any CPU.Build.0 = Debug|Any CPU
		{2151CCD5-9CFA-4413-8001-9C7AAC312E12}.Release|Any CPU.ActiveCfg = Release|Any CPU
		{2151CCD5-9CFA-4413-8001-9C7AAC312E12}.Release|Any CPU.Build.0 = Release|Any CPU
		{03ACB4C1-A232-4DC0-8C89-E54B34AE661A}.Debug|Any CPU.ActiveCfg = Debug|Any CPU
		{03ACB4C1-A232-4DC0-8C89-E54B34AE661A}.Debug|Any CPU.Build.0 = Debug|Any CPU
		{03ACB4C1-A232-4DC0-8C89-E54B34AE661A}.Release|Any CPU.ActiveCfg = Release|Any CPU
		{03ACB4C1-A232-4DC0-8C89-E54B34AE661A}.Release|Any CPU.Build.0 = Release|Any CPU
		{A517BA8F-C119-499A-B324-B4C671798805}.Debug|Any CPU.ActiveCfg = Debug|Any CPU
		{A517BA8F-C119-499A-B324-B4C671798805}.Debug|Any CPU.Build.0 = Debug|Any CPU
		{A517BA8F-C119-499A-B324-B4C671798805}.Release|Any CPU.ActiveCfg = Release|Any CPU
		{A517BA8F-C119-499A-B324-B4C671798805}.Release|Any CPU.Build.0 = Release|Any CPU
	EndGlobalSection
	GlobalSection(SolutionProperties) = preSolution
		HideSolutionNode = FALSE
	EndGlobalSection
	GlobalSection(ExtensibilityGlobals) = postSolution
		SolutionGuid = {E2EA73C0-562F-4100-9E6F-AA8F620BDB11}
	EndGlobalSection
EndGlobal
